
Microsoft Visual Studio Solution File, Format Version 12.00
# Visual Studio 15
VisualStudioVersion = 15.0.27703.2047
MinimumVisualStudioVersion = 10.0.40219.1
Project("{FAE04EC0-301F-11D3-BF4B-00C04F79EFBC}") = "WebAPI", "WebAPIBase\WebAPI.csproj", "{E76CE0F5-C724-4F38-BDCB-0538E2B31E3E}"
EndProject
Project("{FAE04EC0-301F-11D3-BF4B-00C04F79EFBC}") = "Data", "Data\Data.csproj", "{6BB702D5-FB9B-4708-8E6B-E2127563BBDC}"
EndProject
Project("{FAE04EC0-301F-11D3-BF4B-00C04F79EFBC}") = "Model", "Model\Model.csproj", "{282CDDCD-226E-437F-921D-F51C85067F54}"
EndProject
Project("{FAE04EC0-301F-11D3-BF4B-00C04F79EFBC}") = "Service", "Service\Service.csproj", "{B88C30BE-3D55-408C-BDE0-A2EEC502D2DE}"
EndProject
Project("{FAE04EC0-301F-11D3-BF4B-00C04F79EFBC}") = "Utils", "Utils\Utils.csproj", "{C0903EFB-5C5D-401F-B1D2-7430D0FE02A5}"
EndProject
Global
	GlobalSection(SolutionConfigurationPlatforms) = preSolution
		Debug|Any CPU = Debug|Any CPU
		Release|Any CPU = Release|Any CPU
	EndGlobalSection
	GlobalSection(ProjectConfigurationPlatforms) = postSolution
		{E76CE0F5-C724-4F38-BDCB-0538E2B31E3E}.Debug|Any CPU.ActiveCfg = Debug|Any CPU
		{E76CE0F5-C724-4F38-BDCB-0538E2B31E3E}.Debug|Any CPU.Build.0 = Debug|Any CPU
		{E76CE0F5-C724-4F38-BDCB-0538E2B31E3E}.Release|Any CPU.ActiveCfg = Release|Any CPU
		{E76CE0F5-C724-4F38-BDCB-0538E2B31E3E}.Release|Any CPU.Build.0 = Release|Any CPU
		{6BB702D5-FB9B-4708-8E6B-E2127563BBDC}.Debug|Any CPU.ActiveCfg = Debug|Any CPU
		{6BB702D5-FB9B-4708-8E6B-E2127563BBDC}.Debug|Any CPU.Build.0 = Debug|Any CPU
		{6BB702D5-FB9B-4708-8E6B-E2127563BBDC}.Release|Any CPU.ActiveCfg = Release|Any CPU
		{6BB702D5-FB9B-4708-8E6B-E2127563BBDC}.Release|Any CPU.Build.0 = Release|Any CPU
		{282CDDCD-226E-437F-921D-F51C85067F54}.Debug|Any CPU.ActiveCfg = Debug|Any CPU
		{282CDDCD-226E-437F-921D-F51C85067F54}.Debug|Any CPU.Build.0 = Debug|Any CPU
		{282CDDCD-226E-437F-921D-F51C85067F54}.Release|Any CPU.ActiveCfg = Release|Any CPU
		{282CDDCD-226E-437F-921D-F51C85067F54}.Release|Any CPU.Build.0 = Release|Any CPU
		{B88C30BE-3D55-408C-BDE0-A2EEC502D2DE}.Debug|Any CPU.ActiveCfg = Debug|Any CPU
		{B88C30BE-3D55-408C-BDE0-A2EEC502D2DE}.Debug|Any CPU.Build.0 = Debug|Any CPU
		{B88C30BE-3D55-408C-BDE0-A2EEC502D2DE}.Release|Any CPU.ActiveCfg = Release|Any CPU
		{B88C30BE-3D55-408C-BDE0-A2EEC502D2DE}.Release|Any CPU.Build.0 = Release|Any CPU
		{C0903EFB-5C5D-401F-B1D2-7430D0FE02A5}.Debug|Any CPU.ActiveCfg = Debug|Any CPU
		{C0903EFB-5C5D-401F-B1D2-7430D0FE02A5}.Debug|Any CPU.Build.0 = Debug|Any CPU
		{C0903EFB-5C5D-401F-B1D2-7430D0FE02A5}.Release|Any CPU.ActiveCfg = Release|Any CPU
		{C0903EFB-5C5D-401F-B1D2-7430D0FE02A5}.Release|Any CPU.Build.0 = Release|Any CPU
	EndGlobalSection
	GlobalSection(SolutionProperties) = preSolution
		HideSolutionNode = FALSE
	EndGlobalSection
	GlobalSection(ExtensibilityGlobals) = postSolution
		SolutionGuid = {C11E8872-8F25-47DD-8428-584F481538FE}
	EndGlobalSection
EndGlobal
